PODS:
  - Rover (3.7.1)
  - RoverAppExtensions (3.7.2)
  - RoverCampaigns/AdSupport (3.7.2):
    - RoverCampaigns/Data
  - RoverCampaigns/Core (3.7.2):
    - RoverCampaigns/Debug
    - RoverCampaigns/Experiences
    - RoverCampaigns/Location
    - RoverCampaigns/Notifications
  - RoverCampaigns/Data (3.7.2):
    - RoverCampaigns/Foundation
  - RoverCampaigns/Debug (3.7.2):
    - RoverCampaigns/UI
  - RoverCampaigns/Experiences (3.7.2):
    - Rover (~> 3.7.1)
    - RoverCampaigns/UI
  - RoverCampaigns/Foundation (3.7.2)
  - RoverCampaigns/Location (3.7.2):
    - RoverCampaigns/Data
  - RoverCampaigns/Notifications (3.7.2):
    - RoverCampaigns/UI
  - RoverCampaigns/Telephony (3.7.2):
    - RoverCampaigns/Data
  - RoverCampaigns/Ticketmaster (3.7.2):
    - RoverCampaigns/Data
  - RoverCampaigns/UI (3.7.2):
    - RoverCampaigns/Data

DEPENDENCIES:
  - RoverAppExtensions (from `../`)
  - RoverCampaigns/AdSupport (from `../`)
  - RoverCampaigns/Core (from `../`)
  - RoverCampaigns/Telephony (from `../`)
  - RoverCampaigns/Ticketmaster (from `../`)

SPEC REPOS:
  trunk:
    - Rover

EXTERNAL SOURCES:
  RoverAppExtensions:
    :path: "../"
  RoverCampaigns:
    :path: "../"

SPEC CHECKSUMS:
  Rover: fdc06ea6cc6afe26f0eca0e495ed0fada7adefe8
  RoverAppExtensions: 6021cc5f0f70fb7c43a3bd5aa25f67240a173404
  RoverCampaigns: a821d8cc35983ebb3fb26a94057ec8643dd67daa

PODFILE CHECKSUM: 9d356855be9da26a7642e120d5ec51da4bb10995

COCOAPODS: 1.9.1
