// !$*UTF8*$!
{
	archiveVersion = 1;
	classes = {
	};
	objectVersion = 50;
	objects = {

/* Begin PBXBuildFile section */
		DB25A5202284A6B50076CFDE /* Rover.framework in Frameworks */ = {isa = PBXBuildFile; fileRef = DB25A51F2284A6B50076CFDE /* Rover.framework */; };
		DB25A5212284A6B50076CFDE /* Rover.framework in Embed Frameworks */ = {isa = PBXBuildFile; fileRef = DB25A51F2284A6B50076CFDE /* Rover.framework */; settings = {ATTRIBUTES = (CodeSignOnCopy, RemoveHeadersOnCopy, ); }; };
		DB637A3E2278F93C00F0E791 /* AppDelegate.swift in Sources */ = {isa = PBXBuildFile; fileRef = DB637A3D2278F93C00F0E791 /* AppDelegate.swift */; };
		DB637A402278F93C00F0E791 /* ViewController.swift in Sources */ = {isa = PBXBuildFile; fileRef = DB637A3F2278F93C00F0E791 /* ViewController.swift */; };
		DB637A432278F93C00F0E791 /* Main.storyboard in Resources */ = {isa = PBXBuildFile; fileRef = DB637A412278F93C00F0E791 /* Main.storyboard */; };
		DB637A452278F93E00F0E791 /* Assets.xcassets in Resources */ = {isa = PBXBuildFile; fileRef = DB637A442278F93E00F0E791 /* Assets.xcassets */; };
		DB637A482278F93E00F0E791 /* LaunchScreen.storyboard in Resources */ = {isa = PBXBuildFile; fileRef = DB637A462278F93E00F0E791 /* LaunchScreen.storyboard */; };
		DB637A502278F9E700F0E791 /* RoverFoundation.framework in Frameworks */ = {isa = PBXBuildFile; fileRef = DB637A4F2278F9E700F0E791 /* RoverFoundation.framework */; };
		DB637A512278F9E700F0E791 /* RoverFoundation.framework in Embed Frameworks */ = {isa = PBXBuildFile; fileRef = DB637A4F2278F9E700F0E791 /* RoverFoundation.framework */; settings = {ATTRIBUTES = (CodeSignOnCopy, RemoveHeadersOnCopy, ); }; };
		DB637A532278F9E700F0E791 /* RoverNotifications.framework in Frameworks */ = {isa = PBXBuildFile; fileRef = DB637A522278F9E700F0E791 /* RoverNotifications.framework */; };
		DB637A542278F9E700F0E791 /* RoverNotifications.framework in Embed Frameworks */ = {isa = PBXBuildFile; fileRef = DB637A522278F9E700F0E791 /* RoverNotifications.framework */; settings = {ATTRIBUTES = (CodeSignOnCopy, RemoveHeadersOnCopy, ); }; };
		DB637A562278F9E700F0E791 /* RoverLocation.framework in Frameworks */ = {isa = PBXBuildFile; fileRef = DB637A552278F9E700F0E791 /* RoverLocation.framework */; };
		DB637A572278F9E700F0E791 /* RoverLocation.framework in Embed Frameworks */ = {isa = PBXBuildFile; fileRef = DB637A552278F9E700F0E791 /* RoverLocation.framework */; settings = {ATTRIBUTES = (CodeSignOnCopy, RemoveHeadersOnCopy, ); }; };
		DB637A592278F9E700F0E791 /* RoverBluetooth.framework in Frameworks */ = {isa = PBXBuildFile; fileRef = DB637A582278F9E700F0E791 /* RoverBluetooth.framework */; };
		DB637A5A2278F9E700F0E791 /* RoverBluetooth.framework in Embed Frameworks */ = {isa = PBXBuildFile; fileRef = DB637A582278F9E700F0E791 /* RoverBluetooth.framework */; settings = {ATTRIBUTES = (CodeSignOnCopy, RemoveHeadersOnCopy, ); }; };
		DB637A5C2278F9E700F0E791 /* RoverUI.framework in Frameworks */ = {isa = PBXBuildFile; fileRef = DB637A5B2278F9E700F0E791 /* RoverUI.framework */; };
		DB637A5D2278F9E700F0E791 /* RoverUI.framework in Embed Frameworks */ = {isa = PBXBuildFile; fileRef = DB637A5B2278F9E700F0E791 /* RoverUI.framework */; settings = {ATTRIBUTES = (CodeSignOnCopy, RemoveHeadersOnCopy, ); }; };
		DB637A5F2278F9E700F0E791 /* RoverData.framework in Frameworks */ = {isa = PBXBuildFile; fileRef = DB637A5E2278F9E700F0E791 /* RoverData.framework */; };
		DB637A602278F9E700F0E791 /* RoverData.framework in Embed Frameworks */ = {isa = PBXBuildFile; fileRef = DB637A5E2278F9E700F0E791 /* RoverData.framework */; settings = {ATTRIBUTES = (CodeSignOnCopy, RemoveHeadersOnCopy, ); }; };
		DB637A622278F9E700F0E791 /* RoverDebug.framework in Frameworks */ = {isa = PBXBuildFile; fileRef = DB637A612278F9E700F0E791 /* RoverDebug.framework */; };
		DB637A632278F9E700F0E791 /* RoverDebug.framework in Embed Frameworks */ = {isa = PBXBuildFile; fileRef = DB637A612278F9E700F0E791 /* RoverDebug.framework */; settings = {ATTRIBUTES = (CodeSignOnCopy, RemoveHeadersOnCopy, ); }; };
		DB637A652278F9E800F0E791 /* RoverTicketmaster.framework in Frameworks */ = {isa = PBXBuildFile; fileRef = DB637A642278F9E800F0E791 /* RoverTicketmaster.framework */; };
		DB637A662278F9E800F0E791 /* RoverTicketmaster.framework in Embed Frameworks */ = {isa = PBXBuildFile; fileRef = DB637A642278F9E800F0E791 /* RoverTicketmaster.framework */; settings = {ATTRIBUTES = (CodeSignOnCopy, RemoveHeadersOnCopy, ); }; };
		DB637A682278F9E800F0E791 /* RoverTelephony.framework in Frameworks */ = {isa = PBXBuildFile; fileRef = DB637A672278F9E800F0E791 /* RoverTelephony.framework */; };
		DB637A692278F9E800F0E791 /* RoverTelephony.framework in Embed Frameworks */ = {isa = PBXBuildFile; fileRef = DB637A672278F9E800F0E791 /* RoverTelephony.framework */; settings = {ATTRIBUTES = (CodeSignOnCopy, RemoveHeadersOnCopy, ); }; };
		DB637A6B2278F9E800F0E791 /* RoverAdSupport.framework in Frameworks */ = {isa = PBXBuildFile; fileRef = DB637A6A2278F9E800F0E791 /* RoverAdSupport.framework */; };
		DB637A6C2278F9E800F0E791 /* RoverAdSupport.framework in Embed Frameworks */ = {isa = PBXBuildFile; fileRef = DB637A6A2278F9E800F0E791 /* RoverAdSupport.framework */; settings = {ATTRIBUTES = (CodeSignOnCopy, RemoveHeadersOnCopy, ); }; };
		DB637A7622790AD200F0E791 /* NotificationService.swift in Sources */ = {isa = PBXBuildFile; fileRef = DB637A7522790AD200F0E791 /* NotificationService.swift */; };
		DB637A7A22790AD200F0E791 /* NotificationService.appex in Embed App Extensions */ = {isa = PBXBuildFile; fileRef = DB637A7322790AD200F0E791 /* NotificationService.appex */; settings = {ATTRIBUTES = (RemoveHeadersOnCopy, ); }; };
		DB637A8122790B5000F0E791 /* RoverAppExtensions.framework in Frameworks */ = {isa = PBXBuildFile; fileRef = DB637A8022790B5000F0E791 /* RoverAppExtensions.framework */; };
		DB637A8222790B5000F0E791 /* RoverAppExtensions.framework in Embed Frameworks */ = {isa = PBXBuildFile; fileRef = DB637A8022790B5000F0E791 /* RoverAppExtensions.framework */; settings = {ATTRIBUTES = (CodeSignOnCopy, RemoveHeadersOnCopy, ); }; };
		DB637A8522790E5900F0E791 /* RoverAppExtensions.framework in Frameworks */ = {isa = PBXBuildFile; fileRef = DB637A8422790E5900F0E791 /* RoverAppExtensions.framework */; };
		DB8FF70C2285F37800BDE2DC /* DebugAssembler.swift in Sources */ = {isa = PBXBuildFile; fileRef = DB8FF70B2285F37800BDE2DC /* DebugAssembler.swift */; };
		DB8FF70E2285F3C700BDE2DC /* DebugNotificationCenter.swift in Sources */ = {isa = PBXBuildFile; fileRef = DB8FF70D2285F3C700BDE2DC /* DebugNotificationCenter.swift */; };
/* End PBXBuildFile section */

/* Begin PBXContainerItemProxy section */
		DB637A7822790AD200F0E791 /* PBXContainerItemProxy */ = {
			isa = PBXContainerItemProxy;
			containerPortal = DB637A322278F93C00F0E791 /* Project object */;
			proxyType = 1;
			remoteGlobalIDString = DB637A7222790AD200F0E791;
			remoteInfo = NotificationService;
		};
/* End PBXContainerItemProxy section */

/* Begin PBXCopyFilesBuildPhase section */
		DB637A6D2278F9E800F0E791 /* Embed Frameworks */ = {
			isa = PBXCopyFilesBuildPhase;
			buildActionMask = 2147483647;
			dstPath = "";
			dstSubfolderSpec = 10;
			files = (
				DB637A8222790B5000F0E791 /* RoverAppExtensions.framework in Embed Frameworks */,
				DB637A5A2278F9E700F0E791 /* RoverBluetooth.framework in Embed Frameworks */,
				DB637A602278F9E700F0E791 /* RoverData.framework in Embed Frameworks */,
				DB637A572278F9E700F0E791 /* RoverLocation.framework in Embed Frameworks */,
				DB637A542278F9E700F0E791 /* RoverNotifications.framework in Embed Frameworks */,
				DB25A5212284A6B50076CFDE /* Rover.framework in Embed Frameworks */,
				DB637A5D2278F9E700F0E791 /* RoverUI.framework in Embed Frameworks */,
				DB637A662278F9E800F0E791 /* RoverTicketmaster.framework in Embed Frameworks */,
				DB637A692278F9E800F0E791 /* RoverTelephony.framework in Embed Frameworks */,
				DB637A632278F9E700F0E791 /* RoverDebug.framework in Embed Frameworks */,
				DB637A6C2278F9E800F0E791 /* RoverAdSupport.framework in Embed Frameworks */,
				DB637A512278F9E700F0E791 /* RoverFoundation.framework in Embed Frameworks */,
			);
			name = "Embed Frameworks";
			runOnlyForDeploymentPostprocessing = 0;
		};
		DB637A7E22790AD200F0E791 /* Embed App Extensions */ = {
			isa = PBXCopyFilesBuildPhase;
			buildActionMask = 2147483647;
			dstPath = "";
			dstSubfolderSpec = 13;
			files = (
				DB637A7A22790AD200F0E791 /* NotificationService.appex in Embed App Extensions */,
			);
			name = "Embed App Extensions";
			runOnlyForDeploymentPostprocessing = 0;
		};
/* End PBXCopyFilesBuildPhase section */

/* Begin PBXFileReference section */
		DB25A51F2284A6B50076CFDE /* Rover.framework */ = {isa = PBXFileReference; explicitFileType = wrapper.framework; path = Rover.framework; sourceTree = BUILT_PRODUCTS_DIR; };
		DB637A3A2278F93C00F0E791 /* Example.app */ = {isa = PBXFileReference; explicitFileType = wrapper.application; includeInIndex = 0; path = Example.app; sourceTree = BUILT_PRODUCTS_DIR; };
		DB637A3D2278F93C00F0E791 /* AppDelegate.swift */ = {isa = PBXFileReference; lastKnownFileType = sourcecode.swift; path = AppDelegate.swift; sourceTree = "<group>"; };
		DB637A3F2278F93C00F0E791 /* ViewController.swift */ = {isa = PBXFileReference; lastKnownFileType = sourcecode.swift; path = ViewController.swift; sourceTree = "<group>"; };
		DB637A422278F93C00F0E791 /* Base */ = {isa = PBXFileReference; lastKnownFileType = file.storyboard; name = Base; path = Base.lproj/Main.storyboard; sourceTree = "<group>"; };
		DB637A442278F93E00F0E791 /* Assets.xcassets */ = {isa = PBXFileReference; lastKnownFileType = folder.assetcatalog; path = Assets.xcassets; sourceTree = "<group>"; };
		DB637A472278F93E00F0E791 /* Base */ = {isa = PBXFileReference; lastKnownFileType = file.storyboard; name = Base; path = Base.lproj/LaunchScreen.storyboard; sourceTree = "<group>"; };
		DB637A492278F93E00F0E791 /* Info.plist */ = {isa = PBXFileReference; lastKnownFileType = text.plist.xml; path = Info.plist; sourceTree = "<group>"; };
		DB637A4F2278F9E700F0E791 /* RoverFoundation.framework */ = {isa = PBXFileReference; explicitFileType = wrapper.framework; path = RoverFoundation.framework; sourceTree = BUILT_PRODUCTS_DIR; };
		DB637A522278F9E700F0E791 /* RoverNotifications.framework */ = {isa = PBXFileReference; explicitFileType = wrapper.framework; path = RoverNotifications.framework; sourceTree = BUILT_PRODUCTS_DIR; };
		DB637A552278F9E700F0E791 /* RoverLocation.framework */ = {isa = PBXFileReference; explicitFileType = wrapper.framework; path = RoverLocation.framework; sourceTree = BUILT_PRODUCTS_DIR; };
		DB637A582278F9E700F0E791 /* RoverBluetooth.framework */ = {isa = PBXFileReference; explicitFileType = wrapper.framework; path = RoverBluetooth.framework; sourceTree = BUILT_PRODUCTS_DIR; };
		DB637A5B2278F9E700F0E791 /* RoverUI.framework */ = {isa = PBXFileReference; explicitFileType = wrapper.framework; path = RoverUI.framework; sourceTree = BUILT_PRODUCTS_DIR; };
		DB637A5E2278F9E700F0E791 /* RoverData.framework */ = {isa = PBXFileReference; explicitFileType = wrapper.framework; path = RoverData.framework; sourceTree = BUILT_PRODUCTS_DIR; };
		DB637A612278F9E700F0E791 /* RoverDebug.framework */ = {isa = PBXFileReference; explicitFileType = wrapper.framework; path = RoverDebug.framework; sourceTree = BUILT_PRODUCTS_DIR; };
		DB637A642278F9E800F0E791 /* RoverTicketmaster.framework */ = {isa = PBXFileReference; explicitFileType = wrapper.framework; path = RoverTicketmaster.framework; sourceTree = BUILT_PRODUCTS_DIR; };
		DB637A672278F9E800F0E791 /* RoverTelephony.framework */ = {isa = PBXFileReference; explicitFileType = wrapper.framework; path = RoverTelephony.framework; sourceTree = BUILT_PRODUCTS_DIR; };
		DB637A6A2278F9E800F0E791 /* RoverAdSupport.framework */ = {isa = PBXFileReference; explicitFileType = wrapper.framework; path = RoverAdSupport.framework; sourceTree = BUILT_PRODUCTS_DIR; };
		DB637A6E2279018B00F0E791 /* Example.entitlements */ = {isa = PBXFileReference; lastKnownFileType = text.plist.entitlements; path = Example.entitlements; sourceTree = "<group>"; };
		DB637A7322790AD200F0E791 /* NotificationService.appex */ = {isa = PBXFileReference; explicitFileType = "wrapper.app-extension"; includeInIndex = 0; path = NotificationService.appex; sourceTree = BUILT_PRODUCTS_DIR; };
		DB637A7522790AD200F0E791 /* NotificationService.swift */ = {isa = PBXFileReference; lastKnownFileType = sourcecode.swift; path = NotificationService.swift; sourceTree = "<group>"; };
		DB637A7722790AD200F0E791 /* Info.plist */ = {isa = PBXFileReference; lastKnownFileType = text.plist.xml; path = Info.plist; sourceTree = "<group>"; };
		DB637A7F22790B1800F0E791 /* NotificationService.entitlements */ = {isa = PBXFileReference; lastKnownFileType = text.plist.entitlements; path = NotificationService.entitlements; sourceTree = "<group>"; };
		DB637A8022790B5000F0E791 /* RoverAppExtensions.framework */ = {isa = PBXFileReference; explicitFileType = wrapper.framework; path = RoverAppExtensions.framework; sourceTree = BUILT_PRODUCTS_DIR; };
		DB637A8422790E5900F0E791 /* RoverAppExtensions.framework */ = {isa = PBXFileReference; explicitFileType = wrapper.framework; path = RoverAppExtensions.framework; sourceTree = BUILT_PRODUCTS_DIR; };
		DB8FF70B2285F37800BDE2DC /* DebugAssembler.swift */ = {isa = PBXFileReference; lastKnownFileType = sourcecode.swift; path = DebugAssembler.swift; sourceTree = "<group>"; };
		DB8FF70D2285F3C700BDE2DC /* DebugNotificationCenter.swift */ = {isa = PBXFileReference; lastKnownFileType = sourcecode.swift; path = DebugNotificationCenter.swift; sourceTree = "<group>"; };
/* End PBXFileReference section */

/* Begin PBXFrameworksBuildPhase section */
		DB637A372278F93C00F0E791 /* Frameworks */ = {
			isa = PBXFrameworksBuildPhase;
			buildActionMask = 2147483647;
			files = (
				DB637A8122790B5000F0E791 /* RoverAppExtensions.framework in Frameworks */,
				DB637A592278F9E700F0E791 /* RoverBluetooth.framework in Frameworks */,
				DB637A5F2278F9E700F0E791 /* RoverData.framework in Frameworks */,
				DB637A562278F9E700F0E791 /* RoverLocation.framework in Frameworks */,
				DB637A532278F9E700F0E791 /* RoverNotifications.framework in Frameworks */,
				DB25A5202284A6B50076CFDE /* Rover.framework in Frameworks */,
				DB637A5C2278F9E700F0E791 /* RoverUI.framework in Frameworks */,
				DB637A652278F9E800F0E791 /* RoverTicketmaster.framework in Frameworks */,
				DB637A682278F9E800F0E791 /* RoverTelephony.framework in Frameworks */,
				DB637A622278F9E700F0E791 /* RoverDebug.framework in Frameworks */,
				DB637A6B2278F9E800F0E791 /* RoverAdSupport.framework in Frameworks */,
				DB637A502278F9E700F0E791 /* RoverFoundation.framework in Frameworks */,
			);
			runOnlyForDeploymentPostprocessing = 0;
		};
		DB637A7022790AD200F0E791 /* Frameworks */ = {
			isa = PBXFrameworksBuildPhase;
			buildActionMask = 2147483647;
			files = (
				DB637A8522790E5900F0E791 /* RoverAppExtensions.framework in Frameworks */,
			);
			runOnlyForDeploymentPostprocessing = 0;
		};
/* End PBXFrameworksBuildPhase section */

/* Begin PBXGroup section */
		DB637A312278F93C00F0E791 = {
			isa = PBXGroup;
			children = (
				DB25A51F2284A6B50076CFDE /* Rover.framework */,
				DB637A8022790B5000F0E791 /* RoverAppExtensions.framework */,
				DB637A6A2278F9E800F0E791 /* RoverAdSupport.framework */,
				DB637A672278F9E800F0E791 /* RoverTelephony.framework */,
				DB637A642278F9E800F0E791 /* RoverTicketmaster.framework */,
				DB637A612278F9E700F0E791 /* RoverDebug.framework */,
				DB637A5E2278F9E700F0E791 /* RoverData.framework */,
				DB637A5B2278F9E700F0E791 /* RoverUI.framework */,
				DB637A582278F9E700F0E791 /* RoverBluetooth.framework */,
				DB637A552278F9E700F0E791 /* RoverLocation.framework */,
				DB637A522278F9E700F0E791 /* RoverNotifications.framework */,
				DB637A4F2278F9E700F0E791 /* RoverFoundation.framework */,
				DB637A3C2278F93C00F0E791 /* Example */,
				DB637A7422790AD200F0E791 /* NotificationService */,
				DB637A3B2278F93C00F0E791 /* Products */,
				DB637A8322790E5900F0E791 /* Frameworks */,
			);
			sourceTree = "<group>";
		};
		DB637A3B2278F93C00F0E791 /* Products */ = {
			isa = PBXGroup;
			children = (
				DB637A3A2278F93C00F0E791 /* Example.app */,
				DB637A7322790AD200F0E791 /* NotificationService.appex */,
			);
			name = Products;
			sourceTree = "<group>";
		};
		DB637A3C2278F93C00F0E791 /* Example */ = {
			isa = PBXGroup;
			children = (
				DB8FF70A2285F36100BDE2DC /* __Debug */,
				DB637A6E2279018B00F0E791 /* Example.entitlements */,
				DB637A3D2278F93C00F0E791 /* AppDelegate.swift */,
				DB637A3F2278F93C00F0E791 /* ViewController.swift */,
				DB637A412278F93C00F0E791 /* Main.storyboard */,
				DB637A442278F93E00F0E791 /* Assets.xcassets */,
				DB637A462278F93E00F0E791 /* LaunchScreen.storyboard */,
				DB637A492278F93E00F0E791 /* Info.plist */,
			);
			path = Example;
			sourceTree = "<group>";
		};
		DB637A7422790AD200F0E791 /* NotificationService */ = {
			isa = PBXGroup;
			children = (
				DB637A7F22790B1800F0E791 /* NotificationService.entitlements */,
				DB637A7522790AD200F0E791 /* NotificationService.swift */,
				DB637A7722790AD200F0E791 /* Info.plist */,
			);
			path = NotificationService;
			sourceTree = "<group>";
		};
		DB637A8322790E5900F0E791 /* Frameworks */ = {
			isa = PBXGroup;
			children = (
				DB637A8422790E5900F0E791 /* RoverAppExtensions.framework */,
			);
			name = Frameworks;
			sourceTree = "<group>";
		};
		DB8FF70A2285F36100BDE2DC /* __Debug */ = {
			isa = PBXGroup;
			children = (
				DB8FF70B2285F37800BDE2DC /* DebugAssembler.swift */,
				DB8FF70D2285F3C700BDE2DC /* DebugNotificationCenter.swift */,
			);
			path = __Debug;
			sourceTree = "<group>";
		};
/* End PBXGroup section */

/* Begin PBXNativeTarget section */
		DB637A392278F93C00F0E791 /* Example */ = {
			isa = PBXNativeTarget;
			buildConfigurationList = DB637A4C2278F93E00F0E791 /* Build configuration list for PBXNativeTarget "Example" */;
			buildPhases = (
				DB637A362278F93C00F0E791 /* Sources */,
				DB637A372278F93C00F0E791 /* Frameworks */,
				DB637A382278F93C00F0E791 /* Resources */,
				DB637A6D2278F9E800F0E791 /* Embed Frameworks */,
				DB637A7E22790AD200F0E791 /* Embed App Extensions */,
			);
			buildRules = (
			);
			dependencies = (
				DB637A7922790AD200F0E791 /* PBXTargetDependency */,
			);
			name = Example;
			productName = Example;
			productReference = DB637A3A2278F93C00F0E791 /* Example.app */;
			productType = "com.apple.product-type.application";
		};
		DB637A7222790AD200F0E791 /* NotificationService */ = {
			isa = PBXNativeTarget;
			buildConfigurationList = DB637A7B22790AD200F0E791 /* Build configuration list for PBXNativeTarget "NotificationService" */;
			buildPhases = (
				DB637A6F22790AD200F0E791 /* Sources */,
				DB637A7022790AD200F0E791 /* Frameworks */,
				DB637A7122790AD200F0E791 /* Resources */,
			);
			buildRules = (
			);
			dependencies = (
			);
			name = NotificationService;
			productName = NotificationService;
			productReference = DB637A7322790AD200F0E791 /* NotificationService.appex */;
			productType = "com.apple.product-type.app-extension";
		};
/* End PBXNativeTarget section */

/* Begin PBXProject section */
		DB637A322278F93C00F0E791 /* Project object */ = {
			isa = PBXProject;
			attributes = {
				LastSwiftUpdateCheck = 1020;
				LastUpgradeCheck = 1020;
				ORGANIZATIONNAME = "Rover Labs Inc.";
				TargetAttributes = {
					DB637A392278F93C00F0E791 = {
						CreatedOnToolsVersion = 10.2.1;
						SystemCapabilities = {
							com.apple.ApplicationGroups.iOS = {
								enabled = 1;
							};
							com.apple.BackgroundModes = {
								enabled = 1;
							};
							com.apple.Push = {
								enabled = 1;
							};
						};
					};
					DB637A7222790AD200F0E791 = {
						CreatedOnToolsVersion = 10.2.1;
						SystemCapabilities = {
							com.apple.ApplicationGroups.iOS = {
								enabled = 1;
							};
						};
					};
				};
			};
			buildConfigurationList = DB637A352278F93C00F0E791 /* Build configuration list for PBXProject "Example" */;
			compatibilityVersion = "Xcode 9.3";
			developmentRegion = en;
			hasScannedForEncodings = 0;
			knownRegions = (
				en,
				Base,
			);
			mainGroup = DB637A312278F93C00F0E791;
			productRefGroup = DB637A3B2278F93C00F0E791 /* Products */;
			projectDirPath = "";
			projectRoot = "";
			targets = (
				DB637A392278F93C00F0E791 /* Example */,
				DB637A7222790AD200F0E791 /* NotificationService */,
			);
		};
/* End PBXProject section */

/* Begin PBXResourcesBuildPhase section */
		DB637A382278F93C00F0E791 /* Resources */ = {
			isa = PBXResourcesBuildPhase;
			buildActionMask = 2147483647;
			files = (
				DB637A482278F93E00F0E791 /* LaunchScreen.storyboard in Resources */,
				DB637A452278F93E00F0E791 /* Assets.xcassets in Resources */,
				DB637A432278F93C00F0E791 /* Main.storyboard in Resources */,
			);
			runOnlyForDeploymentPostprocessing = 0;
		};
		DB637A7122790AD200F0E791 /* Resources */ = {
			isa = PBXResourcesBuildPhase;
			buildActionMask = 2147483647;
			files = (
			);
			runOnlyForDeploymentPostprocessing = 0;
		};
/* End PBXResourcesBuildPhase section */

/* Begin PBXSourcesBuildPhase section */
		DB637A362278F93C00F0E791 /* Sources */ = {
			isa = PBXSourcesBuildPhase;
			buildActionMask = 2147483647;
			files = (
				DB8FF70C2285F37800BDE2DC /* DebugAssembler.swift in Sources */,
				DB637A402278F93C00F0E791 /* ViewController.swift in Sources */,
				DB637A3E2278F93C00F0E791 /* AppDelegate.swift in Sources */,
				DB8FF70E2285F3C700BDE2DC /* DebugNotificationCenter.swift in Sources */,
			);
			runOnlyForDeploymentPostprocessing = 0;
		};
		DB637A6F22790AD200F0E791 /* Sources */ = {
			isa = PBXSourcesBuildPhase;
			buildActionMask = 2147483647;
			files = (
				DB637A7622790AD200F0E791 /* NotificationService.swift in Sources */,
			);
			runOnlyForDeploymentPostprocessing = 0;
		};
/* End PBXSourcesBuildPhase section */

/* Begin PBXTargetDependency section */
		DB637A7922790AD200F0E791 /* PBXTargetDependency */ = {
			isa = PBXTargetDependency;
			target = DB637A7222790AD200F0E791 /* NotificationService */;
			targetProxy = DB637A7822790AD200F0E791 /* PBXContainerItemProxy */;
		};
/* End PBXTargetDependency section */

/* Begin PBXVariantGroup section */
		DB637A412278F93C00F0E791 /* Main.storyboard */ = {
			isa = PBXVariantGroup;
			children = (
				DB637A422278F93C00F0E791 /* Base */,
			);
			name = Main.storyboard;
			sourceTree = "<group>";
		};
		DB637A462278F93E00F0E791 /* LaunchScreen.storyboard */ = {
			isa = PBXVariantGroup;
			children = (
				DB637A472278F93E00F0E791 /* Base */,
			);
			name = LaunchScreen.storyboard;
			sourceTree = "<group>";
		};
/* End PBXVariantGroup section */

/* Begin XCBuildConfiguration section */
		DB637A4A2278F93E00F0E791 /* Debug */ = {
			isa = XCBuildConfiguration;
			buildSettings = {
				ALWAYS_SEARCH_USER_PATHS = NO;
				CLANG_ANALYZER_NONNULL = YES;
				CLANG_ANALYZER_NUMBER_OBJECT_CONVERSION = YES_AGGRESSIVE;
				CLANG_CXX_LANGUAGE_STANDARD = "gnu++14";
				CLANG_CXX_LIBRARY = "libc++";
				CLANG_ENABLE_MODULES = YES;
				CLANG_ENABLE_OBJC_ARC = YES;
				CLANG_ENABLE_OBJC_WEAK = YES;
				CLANG_WARN_BLOCK_CAPTURE_AUTORELEASING = YES;
				CLANG_WARN_BOOL_CONVERSION = YES;
				CLANG_WARN_COMMA = YES;
				CLANG_WARN_CONSTANT_CONVERSION = YES;
				CLANG_WARN_DEPRECATED_OBJC_IMPLEMENTATIONS = YES;
				CLANG_WARN_DIRECT_OBJC_ISA_USAGE = YES_ERROR;
				CLANG_WARN_DOCUMENTATION_COMMENTS = YES;
				CLANG_WARN_EMPTY_BODY = YES;
				CLANG_WARN_ENUM_CONVERSION = YES;
				CLANG_WARN_INFINITE_RECURSION = YES;
				CLANG_WARN_INT_CONVERSION = YES;
				CLANG_WARN_NON_LITERAL_NULL_CONVERSION = YES;
				CLANG_WARN_OBJC_IMPLICIT_RETAIN_SELF = YES;
				CLANG_WARN_OBJC_LITERAL_CONVERSION = YES;
				CLANG_WARN_OBJC_ROOT_CLASS = YES_ERROR;
				CLANG_WARN_RANGE_LOOP_ANALYSIS = YES;
				CLANG_WARN_STRICT_PROTOTYPES = YES;
				CLANG_WARN_SUSPICIOUS_MOVE = YES;
				CLANG_WARN_UNGUARDED_AVAILABILITY = YES_AGGRESSIVE;
				CLANG_WARN_UNREACHABLE_CODE = YES;
				CLANG_WARN__DUPLICATE_METHOD_MATCH = YES;
				CODE_SIGN_IDENTITY = "iPhone Developer";
				COPY_PHASE_STRIP = NO;
				DEBUG_INFORMATION_FORMAT = dwarf;
				ENABLE_STRICT_OBJC_MSGSEND = YES;
				ENABLE_TESTABILITY = YES;
				GCC_C_LANGUAGE_STANDARD = gnu11;
				GCC_DYNAMIC_NO_PIC = NO;
				GCC_NO_COMMON_BLOCKS = YES;
				GCC_OPTIMIZATION_LEVEL = 0;
				GCC_PREPROCESSOR_DEFINITIONS = (
					"DEBUG=1",
					"$(inherited)",
				);
				GCC_WARN_64_TO_32_BIT_CONVERSION = YES;
				GCC_WARN_ABOUT_RETURN_TYPE = YES_ERROR;
				GCC_WARN_UNDECLARED_SELECTOR = YES;
				GCC_WARN_UNINITIALIZED_AUTOS = YES_AGGRESSIVE;
				GCC_WARN_UNUSED_FUNCTION = YES;
				GCC_WARN_UNUSED_VARIABLE = YES;
				IPHONEOS_DEPLOYMENT_TARGET = 12.2;
				MTL_ENABLE_DEBUG_INFO = INCLUDE_SOURCE;
				MTL_FAST_MATH = YES;
				ONLY_ACTIVE_ARCH = YES;
				SDKROOT = iphoneos;
				SWIFT_ACTIVE_COMPILATION_CONDITIONS = DEBUG;
				SWIFT_OPTIMIZATION_LEVEL = "-Onone";
			};
			name = Debug;
		};
		DB637A4B2278F93E00F0E791 /* Release */ = {
			isa = XCBuildConfiguration;
			buildSettings = {
				ALWAYS_SEARCH_USER_PATHS = NO;
				CLANG_ANALYZER_NONNULL = YES;
				CLANG_ANALYZER_NUMBER_OBJECT_CONVERSION = YES_AGGRESSIVE;
				CLANG_CXX_LANGUAGE_STANDARD = "gnu++14";
				CLANG_CXX_LIBRARY = "libc++";
				CLANG_ENABLE_MODULES = YES;
				CLANG_ENABLE_OBJC_ARC = YES;
				CLANG_ENABLE_OBJC_WEAK = YES;
				CLANG_WARN_BLOCK_CAPTURE_AUTORELEASING = YES;
				CLANG_WARN_BOOL_CONVERSION = YES;
				CLANG_WARN_COMMA = YES;
				CLANG_WARN_CONSTANT_CONVERSION = YES;
				CLANG_WARN_DEPRECATED_OBJC_IMPLEMENTATIONS = YES;
				CLANG_WARN_DIRECT_OBJC_ISA_USAGE = YES_ERROR;
				CLANG_WARN_DOCUMENTATION_COMMENTS = YES;
				CLANG_WARN_EMPTY_BODY = YES;
				CLANG_WARN_ENUM_CONVERSION = YES;
				CLANG_WARN_INFINITE_RECURSION = YES;
				CLANG_WARN_INT_CONVERSION = YES;
				CLANG_WARN_NON_LITERAL_NULL_CONVERSION = YES;
				CLANG_WARN_OBJC_IMPLICIT_RETAIN_SELF = YES;
				CLANG_WARN_OBJC_LITERAL_CONVERSION = YES;
				CLANG_WARN_OBJC_ROOT_CLASS = YES_ERROR;
				CLANG_WARN_RANGE_LOOP_ANALYSIS = YES;
				CLANG_WARN_STRICT_PROTOTYPES = YES;
				CLANG_WARN_SUSPICIOUS_MOVE = YES;
				CLANG_WARN_UNGUARDED_AVAILABILITY = YES_AGGRESSIVE;
				CLANG_WARN_UNREACHABLE_CODE = YES;
				CLANG_WARN__DUPLICATE_METHOD_MATCH = YES;
				CODE_SIGN_IDENTITY = "iPhone Developer";
				COPY_PHASE_STRIP = NO;
				DEBUG_INFORMATION_FORMAT = "dwarf-with-dsym";
				ENABLE_NS_ASSERTIONS = NO;
				ENABLE_STRICT_OBJC_MSGSEND = YES;
				GCC_C_LANGUAGE_STANDARD = gnu11;
				GCC_NO_COMMON_BLOCKS = YES;
				GCC_WARN_64_TO_32_BIT_CONVERSION = YES;
				GCC_WARN_ABOUT_RETURN_TYPE = YES_ERROR;
				GCC_WARN_UNDECLARED_SELECTOR = YES;
				GCC_WARN_UNINITIALIZED_AUTOS = YES_AGGRESSIVE;
				GCC_WARN_UNUSED_FUNCTION = YES;
				GCC_WARN_UNUSED_VARIABLE = YES;
				IPHONEOS_DEPLOYMENT_TARGET = 12.2;
				MTL_ENABLE_DEBUG_INFO = NO;
				MTL_FAST_MATH = YES;
				SDKROOT = iphoneos;
				SWIFT_COMPILATION_MODE = wholemodule;
				SWIFT_OPTIMIZATION_LEVEL = "-O";
				VALIDATE_PRODUCT = YES;
			};
			name = Release;
		};
		DB637A4D2278F93E00F0E791 /* Debug */ = {
			isa = XCBuildConfiguration;
			buildSettings = {
				ALWAYS_EMBED_SWIFT_STANDARD_LIBRARIES = YES;
				ASSETCATALOG_COMPILER_APPICON_NAME = AppIcon;
				CODE_SIGN_ENTITLEMENTS = Example/Example.entitlements;
				CODE_SIGN_STYLE = Automatic;
				DEVELOPMENT_TEAM = WDEZX8QD47;
				INFOPLIST_FILE = Example/Info.plist;
				IPHONEOS_DEPLOYMENT_TARGET = 10.0;
				LD_RUNPATH_SEARCH_PATHS = (
					"$(inherited)",
					"@executable_path/Frameworks",
				);
				PRODUCT_BUNDLE_IDENTIFIER = io.rover.Example;
				PRODUCT_NAME = "$(TARGET_NAME)";
				SWIFT_VERSION = 5.0;
				TARGETED_DEVICE_FAMILY = "1,2";
			};
			name = Debug;
		};
		DB637A4E2278F93E00F0E791 /* Release */ = {
			isa = XCBuildConfiguration;
			buildSettings = {
				ALWAYS_EMBED_SWIFT_STANDARD_LIBRARIES = YES;
				ASSETCATALOG_COMPILER_APPICON_NAME = AppIcon;
				CODE_SIGN_ENTITLEMENTS = Example/Example.entitlements;
				CODE_SIGN_STYLE = Automatic;
				DEVELOPMENT_TEAM = WDEZX8QD47;
				INFOPLIST_FILE = Example/Info.plist;
				IPHONEOS_DEPLOYMENT_TARGET = 10.0;
				LD_RUNPATH_SEARCH_PATHS = (
					"$(inherited)",
					"@executable_path/Frameworks",
				);
				PRODUCT_BUNDLE_IDENTIFIER = io.rover.Example;
				PRODUCT_NAME = "$(TARGET_NAME)";
				SWIFT_VERSION = 5.0;
				TARGETED_DEVICE_FAMILY = "1,2";
			};
			name = Release;
		};
		DB637A7C22790AD200F0E791 /* Debug */ = {
			isa = XCBuildConfiguration;
			buildSettings = {
				CODE_SIGN_ENTITLEMENTS = NotificationService/NotificationService.entitlements;
				CODE_SIGN_STYLE = Automatic;
				DEVELOPMENT_TEAM = WDEZX8QD47;
				INFOPLIST_FILE = NotificationService/Info.plist;
				IPHONEOS_DEPLOYMENT_TARGET = 10.0;
				LD_RUNPATH_SEARCH_PATHS = (
					"$(inherited)",
					"@executable_path/Frameworks",
					"@executable_path/../../Frameworks",
				);
				PRODUCT_BUNDLE_IDENTIFIER = io.rover.Example.NotificationService;
				PRODUCT_NAME = "$(TARGET_NAME)";
				SKIP_INSTALL = YES;
				SWIFT_VERSION = 5.0;
				TARGETED_DEVICE_FAMILY = "1,2";
			};
			name = Debug;
		};
		DB637A7D22790AD200F0E791 /* Release */ = {
			isa = XCBuildConfiguration;
			buildSettings = {
				CODE_SIGN_ENTITLEMENTS = NotificationService/NotificationService.entitlements;
				CODE_SIGN_STYLE = Automatic;
				DEVELOPMENT_TEAM = WDEZX8QD47;
				INFOPLIST_FILE = NotificationService/Info.plist;
				IPHONEOS_DEPLOYMENT_TARGET = 10.0;
				LD_RUNPATH_SEARCH_PATHS = (
					"$(inherited)",
					"@executable_path/Frameworks",
					"@executable_path/../../Frameworks",
				);
				PRODUCT_BUNDLE_IDENTIFIER = io.rover.Example.NotificationService;
				PRODUCT_NAME = "$(TARGET_NAME)";
				SKIP_INSTALL = YES;
				SWIFT_VERSION = 5.0;
				TARGETED_DEVICE_FAMILY = "1,2";
			};
			name = Release;
		};
/* End XCBuildConfiguration section */

/* Begin XCConfigurationList section */
		DB637A352278F93C00F0E791 /* Build configuration list for PBXProject "Example" */ = {
			isa = XCConfigurationList;
			buildConfigurations = (
				DB637A4A2278F93E00F0E791 /* Debug */,
				DB637A4B2278F93E00F0E791 /* Release */,
			);
			defaultConfigurationIsVisible = 0;
			defaultConfigurationName = Release;
		};
		DB637A4C2278F93E00F0E791 /* Build configuration list for PBXNativeTarget "Example" */ = {
			isa = XCConfigurationList;
			buildConfigurations = (
				DB637A4D2278F93E00F0E791 /* Debug */,
				DB637A4E2278F93E00F0E791 /* Release */,
			);
			defaultConfigurationIsVisible = 0;
			defaultConfigurationName = Release;
		};
		DB637A7B22790AD200F0E791 /* Build configuration list for PBXNativeTarget "NotificationService" */ = {
			isa = XCConfigurationList;
			buildConfigurations = (
				DB637A7C22790AD200F0E791 /* Debug */,
				DB637A7D22790AD200F0E791 /* Release */,
			);
			defaultConfigurationIsVisible = 0;
			defaultConfigurationName = Release;
		};
/* End XCConfigurationList section */
	};
	rootObject = DB637A322278F93C00F0E791 /* Project object */;
}
