{
  "object": {
    "pins": [
      {
        "package": "Rover",
        "repositoryURL": "https://github.com/RoverPlatform/rover-ios",
        "state": {
          "branch": "feature/swiftpm",
          "revision": "b3992e0b7e7efe47a45f6261e3f35c82c4291ecd",
          "version": null
        }
      }
    ]
  },
  "version": 1
}
