{
  "object": {
    "pins": [
      {
        "package": "Rover",
        "repositoryURL": "https://github.com/RoverPlatform/rover-ios",
        "state": {
          "branch": "swiftpm",
          "revision": "53d7e64618285511e5ae92ada28176a472b7adaa",
          "version": null
        }
      }
    ]
  },
  "version": 1
}
