{
  "object": {
    "pins": [
      {
        "package": "Rover",
        "repositoryURL": "https://github.com/RoverPlatform/rover-ios",
        "state": {
          "branch": "swiftpm",
          "revision": "20aecb326c2770ab658ea0ed0b91845892ab96cf",
          "version": null
        }
      }
    ]
  },
  "version": 1
}
